
Microsoft Visual Studio Solution File, Format Version 12.00
# Visual Studio Version 16
VisualStudioVersion = 16.0.31424.327
MinimumVisualStudioVersion = 10.0.40219.1
Project("{9A19103F-16F7-4668-BE54-9A1E7A4F7556}") = "Symphony.Backend", "Symphony.Backend\Symphony.Backend.csproj", "{1C715044-5713-453E-9B44-7D133B972366}"
EndProject
Project("{9A19103F-16F7-4668-BE54-9A1E7A4F7556}") = "Symphony.Data", "Symphony.Data\Symphony.Data.csproj", "{7CE8EA50-8848-49B9-BF7B-77D57003D1DA}"
EndProject
Project("{9A19103F-16F7-4668-BE54-9A1E7A4F7556}") = "Symphony.BlazorServerApp", "Symphony.BlazorServerApp\Symphony.BlazorServerApp.csproj", "{EA8BC3E5-7BEB-4242-9A25-C0A8218E2E01}"
EndProject
Project("{FAE04EC0-301F-11D3-BF4B-00C04F79EFBC}") = "Symphony.Services", "Symphony.Services\Symphony.Services.csproj", "{C249D91D-F08F-4384-BF2E-FA00AF739076}"
EndProject
Global
	GlobalSection(SolutionConfigurationPlatforms) = preSolution
		Debug|Any CPU = Debug|Any CPU
		Release|Any CPU = Release|Any CPU
	EndGlobalSection
	GlobalSection(ProjectConfigurationPlatforms) = postSolution
		{1C715044-5713-453E-9B44-7D133B972366}.Debug|Any CPU.ActiveCfg = Debug|Any CPU
		{1C715044-5713-453E-9B44-7D133B972366}.Debug|Any CPU.Build.0 = Debug|Any CPU
		{1C715044-5713-453E-9B44-7D133B972366}.Release|Any CPU.ActiveCfg = Release|Any CPU
		{1C715044-5713-453E-9B44-7D133B972366}.Release|Any CPU.Build.0 = Release|Any CPU
		{7CE8EA50-8848-49B9-BF7B-77D57003D1DA}.Debug|Any CPU.ActiveCfg = Debug|Any CPU
		{7CE8EA50-8848-49B9-BF7B-77D57003D1DA}.Debug|Any CPU.Build.0 = Debug|Any CPU
		{7CE8EA50-8848-49B9-BF7B-77D57003D1DA}.Release|Any CPU.ActiveCfg = Release|Any CPU
		{7CE8EA50-8848-49B9-BF7B-77D57003D1DA}.Release|Any CPU.Build.0 = Release|Any CPU
		{EA8BC3E5-7BEB-4242-9A25-C0A8218E2E01}.Debug|Any CPU.ActiveCfg = Debug|Any CPU
		{EA8BC3E5-7BEB-4242-9A25-C0A8218E2E01}.Debug|Any CPU.Build.0 = Debug|Any CPU
		{EA8BC3E5-7BEB-4242-9A25-C0A8218E2E01}.Release|Any CPU.ActiveCfg = Release|Any CPU
		{EA8BC3E5-7BEB-4242-9A25-C0A8218E2E01}.Release|Any CPU.Build.0 = Release|Any CPU
		{C249D91D-F08F-4384-BF2E-FA00AF739076}.Debug|Any CPU.ActiveCfg = Debug|Any CPU
		{C249D91D-F08F-4384-BF2E-FA00AF739076}.Debug|Any CPU.Build.0 = Debug|Any CPU
		{C249D91D-F08F-4384-BF2E-FA00AF739076}.Release|Any CPU.ActiveCfg = Release|Any CPU
		{C249D91D-F08F-4384-BF2E-FA00AF739076}.Release|Any CPU.Build.0 = Release|Any CPU
	EndGlobalSection
	GlobalSection(SolutionProperties) = preSolution
		HideSolutionNode = FALSE
	EndGlobalSection
	GlobalSection(ExtensibilityGlobals) = postSolution
		SolutionGuid = {78978BF0-AA48-404A-B434-B51EDB2BB619}
	EndGlobalSection
EndGlobal
