
Microsoft Visual Studio Solution File, Format Version 12.00
# Visual Studio Version 16
VisualStudioVersion = 16.0.31424.327
MinimumVisualStudioVersion = 10.0.40219.1
Project("{FAE04EC0-301F-11D3-BF4B-00C04F79EFBC}") = "Symphony.Backend", "Symphony.Backend\Symphony.Backend.csproj", "{1C715044-5713-453E-9B44-7D133B972366}"
EndProject
Project("{FAE04EC0-301F-11D3-BF4B-00C04F79EFBC}") = "Symphony.Data", "Symphony.Data\Symphony.Data.csproj", "{7CE8EA50-8848-49B9-BF7B-77D57003D1DA}"
EndProject
Global
	GlobalSection(SolutionConfigurationPlatforms) = preSolution
		Debug|Any CPU = Debug|Any CPU
		Release|Any CPU = Release|Any CPU
	EndGlobalSection
	GlobalSection(ProjectConfigurationPlatforms) = postSolution
		{1C715044-5713-453E-9B44-7D133B972366}.Debug|Any CPU.ActiveCfg = Debug|Any CPU
		{1C715044-5713-453E-9B44-7D133B972366}.Debug|Any CPU.Build.0 = Debug|Any CPU
		{1C715044-5713-453E-9B44-7D133B972366}.Release|Any CPU.ActiveCfg = Release|Any CPU
		{1C715044-5713-453E-9B44-7D133B972366}.Release|Any CPU.Build.0 = Release|Any CPU
		{7CE8EA50-8848-49B9-BF7B-77D57003D1DA}.Debug|Any CPU.ActiveCfg = Debug|Any CPU
		{7CE8EA50-8848-49B9-BF7B-77D57003D1DA}.Debug|Any CPU.Build.0 = Debug|Any CPU
		{7CE8EA50-8848-49B9-BF7B-77D57003D1DA}.Release|Any CPU.ActiveCfg = Release|Any CPU
		{7CE8EA50-8848-49B9-BF7B-77D57003D1DA}.Release|Any CPU.Build.0 = Release|Any CPU
	EndGlobalSection
	GlobalSection(SolutionProperties) = preSolution
		HideSolutionNode = FALSE
	EndGlobalSection
	GlobalSection(ExtensibilityGlobals) = postSolution
		SolutionGuid = {78978BF0-AA48-404A-B434-B51EDB2BB619}
	EndGlobalSection
EndGlobal
